[[package]]
name = "libc"
version = "0.2.36"
source = "registry+https://github.com/rust-lang/crates.io-index"

[[package]]
name = "number_traits"
version = "0.2.2"
source = "registry+https://github.com/rust-lang/crates.io-index"
dependencies = [
 "libc 0.2.36 (registry+https://github.com/rust-lang/crates.io-index)",
]

[[package]]
name = "polygon2"
version = "0.2.0"
dependencies = [
 "number_traits 0.2.2 (registry+https://github.com/rust-lang/crates.io-index)",
 "vec2 0.1.4 (registry+https://github.com/rust-lang/crates.io-index)",
]

[[package]]
name = "vec2"
version = "0.1.4"
source = "registry+https://github.com/rust-lang/crates.io-index"
dependencies = [
 "number_traits 0.2.2 (registry+https://github.com/rust-lang/crates.io-index)",
 "vec3 0.1.5 (registry+https://github.com/rust-lang/crates.io-index)",
]

[[package]]
name = "vec3"
version = "0.1.5"
source = "registry+https://github.com/rust-lang/crates.io-index"
dependencies = [
 "number_traits 0.2.2 (registry+https://github.com/rust-lang/crates.io-index)",
]

[metadata]
"checksum libc 0.2.36 (registry+https://github.com/rust-lang/crates.io-index)" = "1e5d97d6708edaa407429faa671b942dc0f2727222fb6b6539bf1db936e4b121"
"checksum number_traits 0.2.2 (registry+https://github.com/rust-lang/crates.io-index)" = "77e50ec17da6016f2dd3a69dac7da6ad302ec3b86f5f9f4279f3fc8ca40c0869"
"checksum vec2 0.1.4 (registry+https://github.com/rust-lang/crates.io-index)" = "f5aa92585e65e54a1a8852d288250b227d548921a03aafc263ecc627ea852207"
"checksum vec3 0.1.5 (registry+https://github.com/rust-lang/crates.io-index)" = "d021950d17a0323b031b871b41aa64b74d4562da55d3953a34ddbe4cb24131b4"
