[[package]]
name = "libc"
version = "0.2.34"
source = "registry+https://github.com/rust-lang/crates.io-index"

[[package]]
name = "number_traits"
version = "0.2.0"
source = "registry+https://github.com/rust-lang/crates.io-index"
dependencies = [
 "libc 0.2.34 (registry+https://github.com/rust-lang/crates.io-index)",
]

[[package]]
name = "polygon2"
version = "0.1.0"
dependencies = [
 "number_traits 0.2.0 (registry+https://github.com/rust-lang/crates.io-index)",
]

[metadata]
"checksum libc 0.2.34 (registry+https://github.com/rust-lang/crates.io-index)" = "36fbc8a8929c632868295d0178dd8f63fc423fd7537ad0738372bd010b3ac9b0"
"checksum number_traits 0.2.0 (registry+https://github.com/rust-lang/crates.io-index)" = "8e8ec08b8d379a3b48c620476028513c424c56cf841e9ff324b1da1fde304e86"
